
Microsoft Visual Studio Solution File, Format Version 12.00
# Visual Studio Version 16
VisualStudioVersion = 16.0.29418.71
MinimumVisualStudioVersion = 10.0.40219.1
Project("{FAE04EC0-301F-11D3-BF4B-00C04F79EFBC}") = "Crud", "Crud\Crud.csproj", "{B1413FE1-C370-4FCE-B8A3-B100991311B6}"
EndProject
Global
	GlobalSection(SolutionConfigurationPlatforms) = preSolution
		Debug|Any CPU = Debug|Any CPU
		Release|Any CPU = Release|Any CPU
	EndGlobalSection
	GlobalSection(ProjectConfigurationPlatforms) = postSolution
		{B1413FE1-C370-4FCE-B8A3-B100991311B6}.Debug|Any CPU.ActiveCfg = Debug|Any CPU
		{B1413FE1-C370-4FCE-B8A3-B100991311B6}.Debug|Any CPU.Build.0 = Debug|Any CPU
		{B1413FE1-C370-4FCE-B8A3-B100991311B6}.Release|Any CPU.ActiveCfg = Release|Any CPU
		{B1413FE1-C370-4FCE-B8A3-B100991311B6}.Release|Any CPU.Build.0 = Release|Any CPU
	EndGlobalSection
	GlobalSection(SolutionProperties) = preSolution
		HideSolutionNode = FALSE
	EndGlobalSection
	GlobalSection(ExtensibilityGlobals) = postSolution
		SolutionGuid = {37CA4D9A-FB82-414F-A35C-CF8B37016431}
	EndGlobalSection
EndGlobal
